{
  "object": {
    "pins": [
      {
        "package": "Runestone",
        "repositoryURL": "https://github.com/lukilabs/Runestone",
        "state": {
          "branch": null,
          "revision": "c060eba72a3f18cf69dc4244919c92ceb650451b",
          "version": null
        }
      },
      {
        "package": "TreeSitter",
        "repositoryURL": "https://github.com/tree-sitter/tree-sitter",
        "state": {
          "branch": null,
          "revision": "98be227227af10cc7a269cb3ffb23686c0610b17",
          "version": "0.20.9"
        }
      }
    ]
  },
  "version": 1
}
