{
  "object": {
    "pins": [
      {
        "package": "Runestone",
        "repositoryURL": "https://github.com/lukilabs/Runestone",
        "state": {
          "branch": null,
          "revision": "5b1eaf2006bf11e0b86e40f218d64475186bc47c",
          "version": null
        }
      },
      {
        "package": "TreeSitter",
        "repositoryURL": "https://github.com/tree-sitter/tree-sitter",
        "state": {
          "branch": null,
          "revision": "98be227227af10cc7a269cb3ffb23686c0610b17",
          "version": "0.20.9"
        }
      }
    ]
  },
  "version": 1
}
